<?xml version="1.0" encoding="utf-8"?>
<Project ToolsVersion="4.0" xmlns="http://schemas.microsoft.com/developer/msbuild/2003">
  <ItemGroup>
    <Filter Include="Core">
      <UniqueIdentifier>{62c803f2-76a7-45cc-805d-d0ec59092962}</UniqueIdentifier>
    </Filter>
    <Filter Include="Kinect">
      <UniqueIdentifier>{cad5950a-16b1-4563-a045-bb1aa4586bfc}</UniqueIdentifier>
    </Filter>
    <Filter Include="Core\Windows">
      <UniqueIdentifier>{495fb933-4676-4212-aa8a-597d2a553226}</UniqueIdentifier>
    </Filter>
    <Filter Include="Core\GUI">
      <UniqueIdentifier>{73f74f21-904d-4a3e-a181-8b16c849b06d}</UniqueIdentifier>
    </Filter>
    <Filter Include="Util">
      <UniqueIdentifier>{13f4b320-9eee-448b-a91a-e3c8165d5f24}</UniqueIdentifier>
    </Filter>
    <Filter Include="Shaders">
      <UniqueIdentifier>{1908a58f-0073-458a-862e-c93908b5bf45}</UniqueIdentifier>
    </Filter>
    <Filter Include="Scene">
      <UniqueIdentifier>{1bb929f1-5278-46fb-8448-b94524bcb143}</UniqueIdentifier>
    </Filter>
  </ItemGroup>
  <ItemGroup>
    <ClCompile Include="Core\Main.cpp">
      <Filter>Core</Filter>
    </ClCompile>
    <ClCompile Include="Core\Windows\GLWindow.cpp">
      <Filter>Core\Windows</Filter>
    </ClCompile>
    <ClCompile Include="Core\Windows\GUIWindow.cpp">
      <Filter>Core\Windows</Filter>
    </ClCompile>
    <ClCompile Include="Core\App.cpp">
      <Filter>Core</Filter>
    </ClCompile>
    <ClCompile Include="Core\GUI\UserInterface.cpp">
      <Filter>Core\GUI</Filter>
    </ClCompile>
    <ClCompile Include="Util\RenderUtils.cpp">
      <Filter>Util</Filter>
    </ClCompile>
    <ClCompile Include="Util\GLUtils.cpp">
      <Filter>Util</Filter>
    </ClCompile>
    <ClCompile Include="Kinect\KinectDevice.cpp">
      <Filter>Kinect</Filter>
    </ClCompile>
    <ClCompile Include="Scene\Camera.cpp">
      <Filter>Scene</Filter>
    </ClCompile>
  </ItemGroup>
  <ItemGroup>
    <ClInclude Include="Core\Windows\GLWindow.h">
      <Filter>Core\Windows</Filter>
    </ClInclude>
    <ClInclude Include="Core\Windows\GUIWindow.h">
      <Filter>Core\Windows</Filter>
    </ClInclude>
    <ClInclude Include="Core\Windows\Window.h">
      <Filter>Core\Windows</Filter>
    </ClInclude>
    <ClInclude Include="Core\App.h">
      <Filter>Core</Filter>
    </ClInclude>
    <ClInclude Include="Core\GUI\UserInterface.h">
      <Filter>Core\GUI</Filter>
    </ClInclude>
    <ClInclude Include="Util\RenderUtils.h">
      <Filter>Util</Filter>
    </ClInclude>
    <ClInclude Include="Util\GLUtils.h">
      <Filter>Util</Filter>
    </ClInclude>
    <ClInclude Include="Kinect\KinectDevice.h">
      <Filter>Kinect</Filter>
    </ClInclude>
    <ClInclude Include="Scene\Camera.h">
      <Filter>Scene</Filter>
    </ClInclude>
  </ItemGroup>
  <ItemGroup>
    <None Include="readme.md" />
    <None Include=".gitignore" />
    <None Include="Shaders\default.frag">
      <Filter>Shaders</Filter>
    </None>
    <None Include="Shaders\default.vert">
      <Filter>Shaders</Filter>
    </None>
  </ItemGroup>
</Project>