<?xml version="1.0" encoding="utf-8"?>
<Project ToolsVersion="4.0" xmlns="http://schemas.microsoft.com/developer/msbuild/2003">
  <ItemGroup>
    <Filter Include="Core">
      <UniqueIdentifier>{62c803f2-76a7-45cc-805d-d0ec59092962}</UniqueIdentifier>
    </Filter>
    <Filter Include="Kinect">
      <UniqueIdentifier>{cad5950a-16b1-4563-a045-bb1aa4586bfc}</UniqueIdentifier>
    </Filter>
  </ItemGroup>
  <ItemGroup>
    <ClCompile Include="Core\Main.cpp">
      <Filter>Core</Filter>
    </ClCompile>
  </ItemGroup>
  <ItemGroup>
    <None Include="readme.md" />
    <None Include=".gitignore" />
  </ItemGroup>
</Project>